// !$*UTF8*$!
{
	archiveVersion = 1;
	classes = {
	};
	objectVersion = 56;
	objects = {

/* Begin PBXBuildFile section */
		181C42EA2D201C780059A959 /* MyList.swift in Sources */ = {isa = PBXBuildFile; fileRef = 181C42E92D201C780059A959 /* MyList.swift */; };
		181C42ED2D2020FD0059A959 /* AddNewListViewModel.swift in Sources */ = {isa = PBXBuildFile; fileRef = 181C42EC2D2020FD0059A959 /* AddNewListViewModel.swift */; };
		181C42EF2D20226C0059A959 /* BaseModel.swift in Sources */ = {isa = PBXBuildFile; fileRef = 181C42EE2D20226C0059A959 /* BaseModel.swift */; };
		18CD59ED2D2016B7004FA04B /* MacLearnApp.swift in Sources */ = {isa = PBXBuildFile; fileRef = 18CD59EC2D2016B7004FA04B /* MacLearnApp.swift */; };
		18CD59EF2D2016B7004FA04B /* ContentView.swift in Sources */ = {isa = PBXBuildFile; fileRef = 18CD59EE2D2016B7004FA04B /* ContentView.swift */; };
		18CD59F12D2016B9004FA04B /* Assets.xcassets in Resources */ = {isa = PBXBuildFile; fileRef = 18CD59F02D2016B9004FA04B /* Assets.xcassets */; };
		18CD59F42D2016B9004FA04B /* Preview Assets.xcassets in Resources */ = {isa = PBXBuildFile; fileRef = 18CD59F32D2016B9004FA04B /* Preview Assets.xcassets */; };
		18CD59F62D2016B9004FA04B /* Persistence.swift in Sources */ = {isa = PBXBuildFile; fileRef = 18CD59F52D2016B9004FA04B /* Persistence.swift */; };
		18CD59F92D2016B9004FA04B /* MacLearn.xcdatamodeld in Sources */ = {isa = PBXBuildFile; fileRef = 18CD59F72D2016B9004FA04B /* MacLearn.xcdatamodeld */; };
		18CD5A042D2016B9004FA04B /* MacLearnTests.swift in Sources */ = {isa = PBXBuildFile; fileRef = 18CD5A032D2016B9004FA04B /* MacLearnTests.swift */; };
		18CD5A0E2D2016B9004FA04B /* MacLearnUITests.swift in Sources */ = {isa = PBXBuildFile; fileRef = 18CD5A0D2D2016B9004FA04B /* MacLearnUITests.swift */; };
		18CD5A102D2016B9004FA04B /* MacLearnUITestsLaunchTests.swift in Sources */ = {isa = PBXBuildFile; fileRef = 18CD5A0F2D2016B9004FA04B /* MacLearnUITestsLaunchTests.swift */; };
		18CD5A1F2D2016F2004FA04B /* SideView.swift in Sources */ = {isa = PBXBuildFile; fileRef = 18CD5A1E2D2016F2004FA04B /* SideView.swift */; };
		18CD5A212D201732004FA04B /* HomeView.swift in Sources */ = {isa = PBXBuildFile; fileRef = 18CD5A202D201732004FA04B /* HomeView.swift */; };
		18CD5A242D201764004FA04B /* MainView.swift in Sources */ = {isa = PBXBuildFile; fileRef = 18CD5A232D201764004FA04B /* MainView.swift */; };
/* End PBXBuildFile section */

/* Begin PBXContainerItemProxy section */
		18CD5A002D2016B9004FA04B /* PBXContainerItemProxy */ = {
			isa = PBXContainerItemProxy;
			containerPortal = 18CD59E12D2016B7004FA04B /* Project object */;
			proxyType = 1;
			remoteGlobalIDString = 18CD59E82D2016B7004FA04B;
			remoteInfo = MacLearn;
		};
		18CD5A0A2D2016B9004FA04B /* PBXContainerItemProxy */ = {
			isa = PBXContainerItemProxy;
			containerPortal = 18CD59E12D2016B7004FA04B /* Project object */;
			proxyType = 1;
			remoteGlobalIDString = 18CD59E82D2016B7004FA04B;
			remoteInfo = MacLearn;
		};
/* End PBXContainerItemProxy section */

/* Begin PBXFileReference section */
		181C42E92D201C780059A959 /* MyList.swift */ = {isa = PBXFileReference; lastKnownFileType = sourcecode.swift; path = MyList.swift; sourceTree = "<group>"; };
		181C42EC2D2020FD0059A959 /* AddNewListViewModel.swift */ = {isa = PBXFileReference; lastKnownFileType = sourcecode.swift; path = AddNewListViewModel.swift; sourceTree = "<group>"; };
		181C42EE2D20226C0059A959 /* BaseModel.swift */ = {isa = PBXFileReference; lastKnownFileType = sourcecode.swift; path = BaseModel.swift; sourceTree = "<group>"; };
		18CD59E92D2016B7004FA04B /* MacLearn.app */ = {isa = PBXFileReference; explicitFileType = wrapper.application; includeInIndex = 0; path = MacLearn.app; sourceTree = BUILT_PRODUCTS_DIR; };
		18CD59EC2D2016B7004FA04B /* MacLearnApp.swift */ = {isa = PBXFileReference; lastKnownFileType = sourcecode.swift; path = MacLearnApp.swift; sourceTree = "<group>"; };
		18CD59EE2D2016B7004FA04B /* ContentView.swift */ = {isa = PBXFileReference; lastKnownFileType = sourcecode.swift; path = ContentView.swift; sourceTree = "<group>"; };
		18CD59F02D2016B9004FA04B /* Assets.xcassets */ = {isa = PBXFileReference; lastKnownFileType = folder.assetcatalog; path = Assets.xcassets; sourceTree = "<group>"; };
		18CD59F32D2016B9004FA04B /* Preview Assets.xcassets */ = {isa = PBXFileReference; lastKnownFileType = folder.assetcatalog; path = "Preview Assets.xcassets"; sourceTree = "<group>"; };
		18CD59F52D2016B9004FA04B /* Persistence.swift */ = {isa = PBXFileReference; lastKnownFileType = sourcecode.swift; path = Persistence.swift; sourceTree = "<group>"; };
		18CD59F82D2016B9004FA04B /* MacLearn.xcdatamodel */ = {isa = PBXFileReference; lastKnownFileType = wrapper.xcdatamodel; path = MacLearn.xcdatamodel; sourceTree = "<group>"; };
		18CD59FA2D2016B9004FA04B /* MacLearn.entitlements */ = {isa = PBXFileReference; lastKnownFileType = text.plist.entitlements; path = MacLearn.entitlements; sourceTree = "<group>"; };
		18CD59FF2D2016B9004FA04B /* MacLearnTests.xctest */ = {isa = PBXFileReference; explicitFileType = wrapper.cfbundle; includeInIndex = 0; path = MacLearnTests.xctest; sourceTree = BUILT_PRODUCTS_DIR; };
		18CD5A032D2016B9004FA04B /* MacLearnTests.swift */ = {isa = PBXFileReference; lastKnownFileType = sourcecode.swift; path = MacLearnTests.swift; sourceTree = "<group>"; };
		18CD5A092D2016B9004FA04B /* MacLearnUITests.xctest */ = {isa = PBXFileReference; explicitFileType = wrapper.cfbundle; includeInIndex = 0; path = MacLearnUITests.xctest; sourceTree = BUILT_PRODUCTS_DIR; };
		18CD5A0D2D2016B9004FA04B /* MacLearnUITests.swift */ = {isa = PBXFileReference; lastKnownFileType = sourcecode.swift; path = MacLearnUITests.swift; sourceTree = "<group>"; };
		18CD5A0F2D2016B9004FA04B /* MacLearnUITestsLaunchTests.swift */ = {isa = PBXFileReference; lastKnownFileType = sourcecode.swift; path = MacLearnUITestsLaunchTests.swift; sourceTree = "<group>"; };
		18CD5A1E2D2016F2004FA04B /* SideView.swift */ = {isa = PBXFileReference; lastKnownFileType = sourcecode.swift; path = SideView.swift; sourceTree = "<group>"; };
		18CD5A202D201732004FA04B /* HomeView.swift */ = {isa = PBXFileReference; lastKnownFileType = sourcecode.swift; path = HomeView.swift; sourceTree = "<group>"; };
		18CD5A232D201764004FA04B /* MainView.swift */ = {isa = PBXFileReference; lastKnownFileType = sourcecode.swift; path = MainView.swift; sourceTree = "<group>"; };
/* End PBXFileReference section */

/* Begin PBXFrameworksBuildPhase section */
		18CD59E62D2016B7004FA04B /* Frameworks */ = {
			isa = PBXFrameworksBuildPhase;
			buildActionMask = 2147483647;
			files = (
			);
			runOnlyForDeploymentPostprocessing = 0;
		};
		18CD59FC2D2016B9004FA04B /* Frameworks */ = {
			isa = PBXFrameworksBuildPhase;
			buildActionMask = 2147483647;
			files = (
			);
			runOnlyForDeploymentPostprocessing = 0;
		};
		18CD5A062D2016B9004FA04B /* Frameworks */ = {
			isa = PBXFrameworksBuildPhase;
			buildActionMask = 2147483647;
			files = (
			);
			runOnlyForDeploymentPostprocessing = 0;
		};
/* End PBXFrameworksBuildPhase section */

/* Begin PBXGroup section */
		181C42E82D201C630059A959 /* Model */ = {
			isa = PBXGroup;
			children = (
				181C42E92D201C780059A959 /* MyList.swift */,
				181C42EE2D20226C0059A959 /* BaseModel.swift */,
			);
			path = Model;
			sourceTree = "<group>";
		};
		181C42EB2D2020DD0059A959 /* View Models */ = {
			isa = PBXGroup;
			children = (
				181C42EC2D2020FD0059A959 /* AddNewListViewModel.swift */,
			);
			path = "View Models";
			sourceTree = "<group>";
		};
		18CD59E02D2016B7004FA04B = {
			isa = PBXGroup;
			children = (
				18CD59EB2D2016B7004FA04B /* MacLearn */,
				18CD5A022D2016B9004FA04B /* MacLearnTests */,
				18CD5A0C2D2016B9004FA04B /* MacLearnUITests */,
				18CD59EA2D2016B7004FA04B /* Products */,
			);
			sourceTree = "<group>";
		};
		18CD59EA2D2016B7004FA04B /* Products */ = {
			isa = PBXGroup;
			children = (
				18CD59E92D2016B7004FA04B /* MacLearn.app */,
				18CD59FF2D2016B9004FA04B /* MacLearnTests.xctest */,
				18CD5A092D2016B9004FA04B /* MacLearnUITests.xctest */,
			);
			name = Products;
			sourceTree = "<group>";
		};
		18CD59EB2D2016B7004FA04B /* MacLearn */ = {
			isa = PBXGroup;
			children = (
				181C42EB2D2020DD0059A959 /* View Models */,
				181C42E82D201C630059A959 /* Model */,
				18CD5A222D201756004FA04B /* MainView */,
				18CD5A1D2D2016DD004FA04B /* Side Menu */,
				18CD5A1C2D2016D2004FA04B /* HomeView */,
				18CD59EC2D2016B7004FA04B /* MacLearnApp.swift */,
				18CD59EE2D2016B7004FA04B /* ContentView.swift */,
				18CD59F02D2016B9004FA04B /* Assets.xcassets */,
				18CD59F52D2016B9004FA04B /* Persistence.swift */,
				18CD59FA2D2016B9004FA04B /* MacLearn.entitlements */,
				18CD59F72D2016B9004FA04B /* MacLearn.xcdatamodeld */,
				18CD59F22D2016B9004FA04B /* Preview Content */,
			);
			path = MacLearn;
			sourceTree = "<group>";
		};
		18CD59F22D2016B9004FA04B /* Preview Content */ = {
			isa = PBXGroup;
			children = (
				18CD59F32D2016B9004FA04B /* Preview Assets.xcassets */,
			);
			path = "Preview Content";
			sourceTree = "<group>";
		};
		18CD5A022D2016B9004FA04B /* MacLearnTests */ = {
			isa = PBXGroup;
			children = (
				18CD5A032D2016B9004FA04B /* MacLearnTests.swift */,
			);
			path = MacLearnTests;
			sourceTree = "<group>";
		};
		18CD5A0C2D2016B9004FA04B /* MacLearnUITests */ = {
			isa = PBXGroup;
			children = (
				18CD5A0D2D2016B9004FA04B /* MacLearnUITests.swift */,
				18CD5A0F2D2016B9004FA04B /* MacLearnUITestsLaunchTests.swift */,
			);
			path = MacLearnUITests;
			sourceTree = "<group>";
		};
		18CD5A1C2D2016D2004FA04B /* HomeView */ = {
			isa = PBXGroup;
			children = (
				18CD5A202D201732004FA04B /* HomeView.swift */,
			);
			path = HomeView;
			sourceTree = "<group>";
		};
		18CD5A1D2D2016DD004FA04B /* Side Menu */ = {
			isa = PBXGroup;
			children = (
				18CD5A1E2D2016F2004FA04B /* SideView.swift */,
			);
			path = "Side Menu";
			sourceTree = "<group>";
		};
		18CD5A222D201756004FA04B /* MainView */ = {
			isa = PBXGroup;
			children = (
				18CD5A232D201764004FA04B /* MainView.swift */,
			);
			path = MainView;
			sourceTree = "<group>";
		};
/* End PBXGroup section */

/* Begin PBXNativeTarget section */
		18CD59E82D2016B7004FA04B /* MacLearn */ = {
			isa = PBXNativeTarget;
			buildConfigurationList = 18CD5A132D2016B9004FA04B /* Build configuration list for PBXNativeTarget "MacLearn" */;
			buildPhases = (
				18CD59E52D2016B7004FA04B /* Sources */,
				18CD59E62D2016B7004FA04B /* Frameworks */,
				18CD59E72D2016B7004FA04B /* Resources */,
			);
			buildRules = (
			);
			dependencies = (
			);
			name = MacLearn;
			productName = MacLearn;
			productReference = 18CD59E92D2016B7004FA04B /* MacLearn.app */;
			productType = "com.apple.product-type.application";
		};
		18CD59FE2D2016B9004FA04B /* MacLearnTests */ = {
			isa = PBXNativeTarget;
			buildConfigurationList = 18CD5A162D2016B9004FA04B /* Build configuration list for PBXNativeTarget "MacLearnTests" */;
			buildPhases = (
				18CD59FB2D2016B9004FA04B /* Sources */,
				18CD59FC2D2016B9004FA04B /* Frameworks */,
				18CD59FD2D2016B9004FA04B /* Resources */,
			);
			buildRules = (
			);
			dependencies = (
				18CD5A012D2016B9004FA04B /* PBXTargetDependency */,
			);
			name = MacLearnTests;
			productName = MacLearnTests;
			productReference = 18CD59FF2D2016B9004FA04B /* MacLearnTests.xctest */;
			productType = "com.apple.product-type.bundle.unit-test";
		};
		18CD5A082D2016B9004FA04B /* MacLearnUITests */ = {
			isa = PBXNativeTarget;
			buildConfigurationList = 18CD5A192D2016B9004FA04B /* Build configuration list for PBXNativeTarget "MacLearnUITests" */;
			buildPhases = (
				18CD5A052D2016B9004FA04B /* Sources */,
				18CD5A062D2016B9004FA04B /* Frameworks */,
				18CD5A072D2016B9004FA04B /* Resources */,
			);
			buildRules = (
			);
			dependencies = (
				18CD5A0B2D2016B9004FA04B /* PBXTargetDependency */,
			);
			name = MacLearnUITests;
			productName = MacLearnUITests;
			productReference = 18CD5A092D2016B9004FA04B /* MacLearnUITests.xctest */;
			productType = "com.apple.product-type.bundle.ui-testing";
		};
/* End PBXNativeTarget section */

/* Begin PBXProject section */
		18CD59E12D2016B7004FA04B /* Project object */ = {
			isa = PBXProject;
			attributes = {
				BuildIndependentTargetsInParallel = 1;
				LastSwiftUpdateCheck = 1540;
				LastUpgradeCheck = 1540;
				TargetAttributes = {
					18CD59E82D2016B7004FA04B = {
						CreatedOnToolsVersion = 15.4;
					};
					18CD59FE2D2016B9004FA04B = {
						CreatedOnToolsVersion = 15.4;
						TestTargetID = 18CD59E82D2016B7004FA04B;
					};
					18CD5A082D2016B9004FA04B = {
						CreatedOnToolsVersion = 15.4;
						TestTargetID = 18CD59E82D2016B7004FA04B;
					};
				};
			};
			buildConfigurationList = 18CD59E42D2016B7004FA04B /* Build configuration list for PBXProject "MacLearn" */;
			compatibilityVersion = "Xcode 14.0";
			developmentRegion = en;
			hasScannedForEncodings = 0;
			knownRegions = (
				en,
				Base,
			);
			mainGroup = 18CD59E02D2016B7004FA04B;
			productRefGroup = 18CD59EA2D2016B7004FA04B /* Products */;
			projectDirPath = "";
			projectRoot = "";
			targets = (
				18CD59E82D2016B7004FA04B /* MacLearn */,
				18CD59FE2D2016B9004FA04B /* MacLearnTests */,
				18CD5A082D2016B9004FA04B /* MacLearnUITests */,
			);
		};
/* End PBXProject section */

/* Begin PBXResourcesBuildPhase section */
		18CD59E72D2016B7004FA04B /* Resources */ = {
			isa = PBXResourcesBuildPhase;
			buildActionMask = 2147483647;
			files = (
				18CD59F42D2016B9004FA04B /* Preview Assets.xcassets in Resources */,
				18CD59F12D2016B9004FA04B /* Assets.xcassets in Resources */,
			);
			runOnlyForDeploymentPostprocessing = 0;
		};
		18CD59FD2D2016B9004FA04B /* Resources */ = {
			isa = PBXResourcesBuildPhase;
			buildActionMask = 2147483647;
			files = (
			);
			runOnlyForDeploymentPostprocessing = 0;
		};
		18CD5A072D2016B9004FA04B /* Resources */ = {
			isa = PBXResourcesBuildPhase;
			buildActionMask = 2147483647;
			files = (
			);
			runOnlyForDeploymentPostprocessing = 0;
		};
/* End PBXResourcesBuildPhase section */

/* Begin PBXSourcesBuildPhase section */
		18CD59E52D2016B7004FA04B /* Sources */ = {
			isa = PBXSourcesBuildPhase;
			buildActionMask = 2147483647;
			files = (
				18CD5A1F2D2016F2004FA04B /* SideView.swift in Sources */,
				18CD5A242D201764004FA04B /* MainView.swift in Sources */,
				18CD59F92D2016B9004FA04B /* MacLearn.xcdatamodeld in Sources */,
				18CD59F62D2016B9004FA04B /* Persistence.swift in Sources */,
				181C42EF2D20226C0059A959 /* BaseModel.swift in Sources */,
				181C42ED2D2020FD0059A959 /* AddNewListViewModel.swift in Sources */,
				18CD5A212D201732004FA04B /* HomeView.swift in Sources */,
				18CD59EF2D2016B7004FA04B /* ContentView.swift in Sources */,
				181C42EA2D201C780059A959 /* MyList.swift in Sources */,
				18CD59ED2D2016B7004FA04B /* MacLearnApp.swift in Sources */,
			);
			runOnlyForDeploymentPostprocessing = 0;
		};
		18CD59FB2D2016B9004FA04B /* Sources */ = {
			isa = PBXSourcesBuildPhase;
			buildActionMask = 2147483647;
			files = (
				18CD5A042D2016B9004FA04B /* MacLearnTests.swift in Sources */,
			);
			runOnlyForDeploymentPostprocessing = 0;
		};
		18CD5A052D2016B9004FA04B /* Sources */ = {
			isa = PBXSourcesBuildPhase;
			buildActionMask = 2147483647;
			files = (
				18CD5A102D2016B9004FA04B /* MacLearnUITestsLaunchTests.swift in Sources */,
				18CD5A0E2D2016B9004FA04B /* MacLearnUITests.swift in Sources */,
			);
			runOnlyForDeploymentPostprocessing = 0;
		};
/* End PBXSourcesBuildPhase section */

/* Begin PBXTargetDependency section */
		18CD5A012D2016B9004FA04B /* PBXTargetDependency */ = {
			isa = PBXTargetDependency;
			target = 18CD59E82D2016B7004FA04B /* MacLearn */;
			targetProxy = 18CD5A002D2016B9004FA04B /* PBXContainerItemProxy */;
		};
		18CD5A0B2D2016B9004FA04B /* PBXTargetDependency */ = {
			isa = PBXTargetDependency;
			target = 18CD59E82D2016B7004FA04B /* MacLearn */;
			targetProxy = 18CD5A0A2D2016B9004FA04B /* PBXContainerItemProxy */;
		};
/* End PBXTargetDependency section */

/* Begin XCBuildConfiguration section */
		18CD5A112D2016B9004FA04B /* Debug */ = {
			isa = XCBuildConfiguration;
			buildSettings = {
				ALWAYS_SEARCH_USER_PATHS = NO;
				ASSETCATALOG_COMPILER_GENERATE_SWIFT_ASSET_SYMBOL_EXTENSIONS = YES;
				CLANG_ANALYZER_NONNULL = YES;
				CLANG_ANALYZER_NUMBER_OBJECT_CONVERSION = YES_AGGRESSIVE;
				CLANG_CXX_LANGUAGE_STANDARD = "gnu++20";
				CLANG_ENABLE_MODULES = YES;
				CLANG_ENABLE_OBJC_ARC = YES;
				CLANG_ENABLE_OBJC_WEAK = YES;
				CLANG_WARN_BLOCK_CAPTURE_AUTORELEASING = YES;
				CLANG_WARN_BOOL_CONVERSION = YES;
				CLANG_WARN_COMMA = YES;
				CLANG_WARN_CONSTANT_CONVERSION = YES;
				CLANG_WARN_DEPRECATED_OBJC_IMPLEMENTATIONS = YES;
				CLANG_WARN_DIRECT_OBJC_ISA_USAGE = YES_ERROR;
				CLANG_WARN_DOCUMENTATION_COMMENTS = YES;
				CLANG_WARN_EMPTY_BODY = YES;
				CLANG_WARN_ENUM_CONVERSION = YES;
				CLANG_WARN_INFINITE_RECURSION = YES;
				CLANG_WARN_INT_CONVERSION = YES;
				CLANG_WARN_NON_LITERAL_NULL_CONVERSION = YES;
				CLANG_WARN_OBJC_IMPLICIT_RETAIN_SELF = YES;
				CLANG_WARN_OBJC_LITERAL_CONVERSION = YES;
				CLANG_WARN_OBJC_ROOT_CLASS = YES_ERROR;
				CLANG_WARN_QUOTED_INCLUDE_IN_FRAMEWORK_HEADER = YES;
				CLANG_WARN_RANGE_LOOP_ANALYSIS = YES;
				CLANG_WARN_STRICT_PROTOTYPES = YES;
				CLANG_WARN_SUSPICIOUS_MOVE = YES;
				CLANG_WARN_UNGUARDED_AVAILABILITY = YES_AGGRESSIVE;
				CLANG_WARN_UNREACHABLE_CODE = YES;
				CLANG_WARN__DUPLICATE_METHOD_MATCH = YES;
				COPY_PHASE_STRIP = NO;
				DEBUG_INFORMATION_FORMAT = dwarf;
				ENABLE_STRICT_OBJC_MSGSEND = YES;
				ENABLE_TESTABILITY = YES;
				ENABLE_USER_SCRIPT_SANDBOXING = YES;
				GCC_C_LANGUAGE_STANDARD = gnu17;
				GCC_DYNAMIC_NO_PIC = NO;
				GCC_NO_COMMON_BLOCKS = YES;
				GCC_OPTIMIZATION_LEVEL = 0;
				GCC_PREPROCESSOR_DEFINITIONS = (
					"DEBUG=1",
					"$(inherited)",
				);
				GCC_WARN_64_TO_32_BIT_CONVERSION = YES;
				GCC_WARN_ABOUT_RETURN_TYPE = YES_ERROR;
				GCC_WARN_UNDECLARED_SELECTOR = YES;
				GCC_WARN_UNINITIALIZED_AUTOS = YES_AGGRESSIVE;
				GCC_WARN_UNUSED_FUNCTION = YES;
				GCC_WARN_UNUSED_VARIABLE = YES;
				LOCALIZATION_PREFERS_STRING_CATALOGS = YES;
				MACOSX_DEPLOYMENT_TARGET = 14.5;
				MTL_ENABLE_DEBUG_INFO = INCLUDE_SOURCE;
				MTL_FAST_MATH = YES;
				ONLY_ACTIVE_ARCH = YES;
				SDKROOT = macosx;
				SWIFT_ACTIVE_COMPILATION_CONDITIONS = "DEBUG $(inherited)";
				SWIFT_OPTIMIZATION_LEVEL = "-Onone";
			};
			name = Debug;
		};
		18CD5A122D2016B9004FA04B /* Release */ = {
			isa = XCBuildConfiguration;
			buildSettings = {
				ALWAYS_SEARCH_USER_PATHS = NO;
				ASSETCATALOG_COMPILER_GENERATE_SWIFT_ASSET_SYMBOL_EXTENSIONS = YES;
				CLANG_ANALYZER_NONNULL = YES;
				CLANG_ANALYZER_NUMBER_OBJECT_CONVERSION = YES_AGGRESSIVE;
				CLANG_CXX_LANGUAGE_STANDARD = "gnu++20";
				CLANG_ENABLE_MODULES = YES;
				CLANG_ENABLE_OBJC_ARC = YES;
				CLANG_ENABLE_OBJC_WEAK = YES;
				CLANG_WARN_BLOCK_CAPTURE_AUTORELEASING = YES;
				CLANG_WARN_BOOL_CONVERSION = YES;
				CLANG_WARN_COMMA = YES;
				CLANG_WARN_CONSTANT_CONVERSION = YES;
				CLANG_WARN_DEPRECATED_OBJC_IMPLEMENTATIONS = YES;
				CLANG_WARN_DIRECT_OBJC_ISA_USAGE = YES_ERROR;
				CLANG_WARN_DOCUMENTATION_COMMENTS = YES;
				CLANG_WARN_EMPTY_BODY = YES;
				CLANG_WARN_ENUM_CONVERSION = YES;
				CLANG_WARN_INFINITE_RECURSION = YES;
				CLANG_WARN_INT_CONVERSION = YES;
				CLANG_WARN_NON_LITERAL_NULL_CONVERSION = YES;
				CLANG_WARN_OBJC_IMPLICIT_RETAIN_SELF = YES;
				CLANG_WARN_OBJC_LITERAL_CONVERSION = YES;
				CLANG_WARN_OBJC_ROOT_CLASS = YES_ERROR;
				CLANG_WARN_QUOTED_INCLUDE_IN_FRAMEWORK_HEADER = YES;
				CLANG_WARN_RANGE_LOOP_ANALYSIS = YES;
				CLANG_WARN_STRICT_PROTOTYPES = YES;
				CLANG_WARN_SUSPICIOUS_MOVE = YES;
				CLANG_WARN_UNGUARDED_AVAILABILITY = YES_AGGRESSIVE;
				CLANG_WARN_UNREACHABLE_CODE = YES;
				CLANG_WARN__DUPLICATE_METHOD_MATCH = YES;
				COPY_PHASE_STRIP = NO;
				DEBUG_INFORMATION_FORMAT = "dwarf-with-dsym";
				ENABLE_NS_ASSERTIONS = NO;
				ENABLE_STRICT_OBJC_MSGSEND = YES;
				ENABLE_USER_SCRIPT_SANDBOXING = YES;
				GCC_C_LANGUAGE_STANDARD = gnu17;
				GCC_NO_COMMON_BLOCKS = YES;
				GCC_WARN_64_TO_32_BIT_CONVERSION = YES;
				GCC_WARN_ABOUT_RETURN_TYPE = YES_ERROR;
				GCC_WARN_UNDECLARED_SELECTOR = YES;
				GCC_WARN_UNINITIALIZED_AUTOS = YES_AGGRESSIVE;
				GCC_WARN_UNUSED_FUNCTION = YES;
				GCC_WARN_UNUSED_VARIABLE = YES;
				LOCALIZATION_PREFERS_STRING_CATALOGS = YES;
				MACOSX_DEPLOYMENT_TARGET = 14.5;
				MTL_ENABLE_DEBUG_INFO = NO;
				MTL_FAST_MATH = YES;
				SDKROOT = macosx;
				SWIFT_COMPILATION_MODE = wholemodule;
			};
			name = Release;
		};
		18CD5A142D2016B9004FA04B /* Debug */ = {
			isa = XCBuildConfiguration;
			buildSettings = {
				ASSETCATALOG_COMPILER_APPICON_NAME = AppIcon;
				ASSETCATALOG_COMPILER_GLOBAL_ACCENT_COLOR_NAME = AccentColor;
				CODE_SIGN_ENTITLEMENTS = MacLearn/MacLearn.entitlements;
				CODE_SIGN_IDENTITY = "Apple Development";
				"CODE_SIGN_IDENTITY[sdk=macosx*]" = "-";
				CODE_SIGN_STYLE = Automatic;
				COMBINE_HIDPI_IMAGES = YES;
				CURRENT_PROJECT_VERSION = 1;
				DEVELOPMENT_ASSET_PATHS = "\"MacLearn/Preview Content\"";
				DEVELOPMENT_TEAM = "";
				ENABLE_PREVIEWS = YES;
				GENERATE_INFOPLIST_FILE = YES;
				INFOPLIST_KEY_NSHumanReadableCopyright = "";
				LD_RUNPATH_SEARCH_PATHS = (
					"$(inherited)",
					"@executable_path/../Frameworks",
				);
				MARKETING_VERSION = 1.0;
				PRODUCT_BUNDLE_IDENTIFIER = com.parvati.MacLearn;
				PRODUCT_NAME = "$(TARGET_NAME)";
				PROVISIONING_PROFILE_SPECIFIER = "";
				SWIFT_EMIT_LOC_STRINGS = YES;
				SWIFT_VERSION = 5.0;
			};
			name = Debug;
		};
		18CD5A152D2016B9004FA04B /* Release */ = {
			isa = XCBuildConfiguration;
			buildSettings = {
				ASSETCATALOG_COMPILER_APPICON_NAME = AppIcon;
				ASSETCATALOG_COMPILER_GLOBAL_ACCENT_COLOR_NAME = AccentColor;
				CODE_SIGN_ENTITLEMENTS = MacLearn/MacLearn.entitlements;
				CODE_SIGN_IDENTITY = "Apple Development";
				"CODE_SIGN_IDENTITY[sdk=macosx*]" = "-";
				CODE_SIGN_STYLE = Automatic;
				COMBINE_HIDPI_IMAGES = YES;
				CURRENT_PROJECT_VERSION = 1;
				DEVELOPMENT_ASSET_PATHS = "\"MacLearn/Preview Content\"";
				DEVELOPMENT_TEAM = "";
				ENABLE_PREVIEWS = YES;
				GENERATE_INFOPLIST_FILE = YES;
				INFOPLIST_KEY_NSHumanReadableCopyright = "";
				LD_RUNPATH_SEARCH_PATHS = (
					"$(inherited)",
					"@executable_path/../Frameworks",
				);
				MARKETING_VERSION = 1.0;
				PRODUCT_BUNDLE_IDENTIFIER = com.parvati.MacLearn;
				PRODUCT_NAME = "$(TARGET_NAME)";
				PROVISIONING_PROFILE_SPECIFIER = "";
				SWIFT_EMIT_LOC_STRINGS = YES;
				SWIFT_VERSION = 5.0;
			};
			name = Release;
		};
		18CD5A172D2016B9004FA04B /* Debug */ = {
			isa = XCBuildConfiguration;
			buildSettings = {
				ALWAYS_EMBED_SWIFT_STANDARD_LIBRARIES = YES;
				BUNDLE_LOADER = "$(TEST_HOST)";
				CODE_SIGN_STYLE = Automatic;
				CURRENT_PROJECT_VERSION = 1;
				GENERATE_INFOPLIST_FILE = YES;
				MACOSX_DEPLOYMENT_TARGET = 14.5;
				MARKETING_VERSION = 1.0;
				PRODUCT_BUNDLE_IDENTIFIER = com.parvati.MacLearnTests;
				PRODUCT_NAME = "$(TARGET_NAME)";
				SWIFT_EMIT_LOC_STRINGS = NO;
				SWIFT_VERSION = 5.0;
				TEST_HOST = "$(BUILT_PRODUCTS_DIR)/MacLearn.app/$(BUNDLE_EXECUTABLE_FOLDER_PATH)/MacLearn";
			};
			name = Debug;
		};
		18CD5A182D2016B9004FA04B /* Release */ = {
			isa = XCBuildConfiguration;
			buildSettings = {
				ALWAYS_EMBED_SWIFT_STANDARD_LIBRARIES = YES;
				BUNDLE_LOADER = "$(TEST_HOST)";
				CODE_SIGN_STYLE = Automatic;
				CURRENT_PROJECT_VERSION = 1;
				GENERATE_INFOPLIST_FILE = YES;
				MACOSX_DEPLOYMENT_TARGET = 14.5;
				MARKETING_VERSION = 1.0;
				PRODUCT_BUNDLE_IDENTIFIER = com.parvati.MacLearnTests;
				PRODUCT_NAME = "$(TARGET_NAME)";
				SWIFT_EMIT_LOC_STRINGS = NO;
				SWIFT_VERSION = 5.0;
				TEST_HOST = "$(BUILT_PRODUCTS_DIR)/MacLearn.app/$(BUNDLE_EXECUTABLE_FOLDER_PATH)/MacLearn";
			};
			name = Release;
		};
		18CD5A1A2D2016B9004FA04B /* Debug */ = {
			isa = XCBuildConfiguration;
			buildSettings = {
				ALWAYS_EMBED_SWIFT_STANDARD_LIBRARIES = YES;
				CODE_SIGN_STYLE = Automatic;
				CURRENT_PROJECT_VERSION = 1;
				GENERATE_INFOPLIST_FILE = YES;
				MARKETING_VERSION = 1.0;
				PRODUCT_BUNDLE_IDENTIFIER = com.parvati.MacLearnUITests;
				PRODUCT_NAME = "$(TARGET_NAME)";
				SWIFT_EMIT_LOC_STRINGS = NO;
				SWIFT_VERSION = 5.0;
				TEST_TARGET_NAME = MacLearn;
			};
			name = Debug;
		};
		18CD5A1B2D2016B9004FA04B /* Release */ = {
			isa = XCBuildConfiguration;
			buildSettings = {
				ALWAYS_EMBED_SWIFT_STANDARD_LIBRARIES = YES;
				CODE_SIGN_STYLE = Automatic;
				CURRENT_PROJECT_VERSION = 1;
				GENERATE_INFOPLIST_FILE = YES;
				MARKETING_VERSION = 1.0;
				PRODUCT_BUNDLE_IDENTIFIER = com.parvati.MacLearnUITests;
				PRODUCT_NAME = "$(TARGET_NAME)";
				SWIFT_EMIT_LOC_STRINGS = NO;
				SWIFT_VERSION = 5.0;
				TEST_TARGET_NAME = MacLearn;
			};
			name = Release;
		};
/* End XCBuildConfiguration section */

/* Begin XCConfigurationList section */
		18CD59E42D2016B7004FA04B /* Build configuration list for PBXProject "MacLearn" */ = {
			isa = XCConfigurationList;
			buildConfigurations = (
				18CD5A112D2016B9004FA04B /* Debug */,
				18CD5A122D2016B9004FA04B /* Release */,
			);
			defaultConfigurationIsVisible = 0;
			defaultConfigurationName = Release;
		};
		18CD5A132D2016B9004FA04B /* Build configuration list for PBXNativeTarget "MacLearn" */ = {
			isa = XCConfigurationList;
			buildConfigurations = (
				18CD5A142D2016B9004FA04B /* Debug */,
				18CD5A152D2016B9004FA04B /* Release */,
			);
			defaultConfigurationIsVisible = 0;
			defaultConfigurationName = Release;
		};
		18CD5A162D2016B9004FA04B /* Build configuration list for PBXNativeTarget "MacLearnTests" */ = {
			isa = XCConfigurationList;
			buildConfigurations = (
				18CD5A172D2016B9004FA04B /* Debug */,
				18CD5A182D2016B9004FA04B /* Release */,
			);
			defaultConfigurationIsVisible = 0;
			defaultConfigurationName = Release;
		};
		18CD5A192D2016B9004FA04B /* Build configuration list for PBXNativeTarget "MacLearnUITests" */ = {
			isa = XCConfigurationList;
			buildConfigurations = (
				18CD5A1A2D2016B9004FA04B /* Debug */,
				18CD5A1B2D2016B9004FA04B /* Release */,
			);
			defaultConfigurationIsVisible = 0;
			defaultConfigurationName = Release;
		};
/* End XCConfigurationList section */

/* Begin XCVersionGroup section */
		18CD59F72D2016B9004FA04B /* MacLearn.xcdatamodeld */ = {
			isa = XCVersionGroup;
			children = (
				18CD59F82D2016B9004FA04B /* MacLearn.xcdatamodel */,
			);
			currentVersion = 18CD59F82D2016B9004FA04B /* MacLearn.xcdatamodel */;
			path = MacLearn.xcdatamodeld;
			sourceTree = "<group>";
			versionGroupType = wrapper.xcdatamodel;
		};
/* End XCVersionGroup section */
	};
	rootObject = 18CD59E12D2016B7004FA04B /* Project object */;
}
